// !$*UTF8*$!
{
	archiveVersion = 1;
	classes = {
	};
	objectVersion = 46;
	objects = {

/* Begin PBXBuildFile section */
		24582F15C0EDB7AF30D700C6 /* Pods_Pokemon.framework in Frameworks */ = {isa = PBXBuildFile; fileRef = D86BB511D1D145F5E5F37853 /* Pods_Pokemon.framework */; };
		BC8FDD156381FFFF167C81CF /* Pods_PokemonUITests.framework in Frameworks */ = {isa = PBXBuildFile; fileRef = D62AD6D0BE167CE80271E054 /* Pods_PokemonUITests.framework */; };
		BF4702D61E6CA409007AEE65 /* AppDelegate.swift in Sources */ = {isa = PBXBuildFile; fileRef = BF4702D51E6CA409007AEE65 /* AppDelegate.swift */; };
		BF4702D81E6CA409007AEE65 /* ViewController.swift in Sources */ = {isa = PBXBuildFile; fileRef = BF4702D71E6CA409007AEE65 /* ViewController.swift */; };
		BF4702DB1E6CA409007AEE65 /* Main.storyboard in Resources */ = {isa = PBXBuildFile; fileRef = BF4702D91E6CA409007AEE65 /* Main.storyboard */; };
		BF4702DD1E6CA409007AEE65 /* Assets.xcassets in Resources */ = {isa = PBXBuildFile; fileRef = BF4702DC1E6CA409007AEE65 /* Assets.xcassets */; };
		BF4702E01E6CA409007AEE65 /* LaunchScreen.storyboard in Resources */ = {isa = PBXBuildFile; fileRef = BF4702DE1E6CA409007AEE65 /* LaunchScreen.storyboard */; };
		BF4702EB1E6CA409007AEE65 /* PokemonTests.swift in Sources */ = {isa = PBXBuildFile; fileRef = BF4702EA1E6CA409007AEE65 /* PokemonTests.swift */; };
		BF4702F61E6CA409007AEE65 /* PokemonUITests.swift in Sources */ = {isa = PBXBuildFile; fileRef = BF4702F51E6CA409007AEE65 /* PokemonUITests.swift */; };
		BF4703041E6CB879007AEE65 /* pokemon.csv in Resources */ = {isa = PBXBuildFile; fileRef = BF4703031E6CB879007AEE65 /* pokemon.csv */; };
		BF4703071E6CBA7F007AEE65 /* Pokemon.swift in Sources */ = {isa = PBXBuildFile; fileRef = BF4703061E6CBA7F007AEE65 /* Pokemon.swift */; };
		BF47220C1E71E1CC00E1A8D1 /* PokemonDetailVC.swift in Sources */ = {isa = PBXBuildFile; fileRef = BF47220B1E71E1CC00E1A8D1 /* PokemonDetailVC.swift */; };
		BF4C0A6D1E6F3B4100D9D70B /* PokeCell.swift in Sources */ = {isa = PBXBuildFile; fileRef = BF4C0A6C1E6F3B4100D9D70B /* PokeCell.swift */; };
		BF4C0A6F1E6F737300D9D70B /* csv.swift in Sources */ = {isa = PBXBuildFile; fileRef = BF4C0A6E1E6F737300D9D70B /* csv.swift */; };
		BF4E40381E786063007EC358 /* Constants.swift in Sources */ = {isa = PBXBuildFile; fileRef = BF4E40371E786063007EC358 /* Constants.swift */; };
		BF5E3E0E1E70B05400A733B0 /* Pokemon.ttf in Resources */ = {isa = PBXBuildFile; fileRef = BF5E3E0D1E70B05400A733B0 /* Pokemon.ttf */; };
		BF5E3E131E70B48200A733B0 /* pokemon.mp3 in Resources */ = {isa = PBXBuildFile; fileRef = BF5E3E121E70B48200A733B0 /* pokemon.mp3 */; };
		FE51B5AFB77F2C69A79821D4 /* Pods_PokemonTests.framework in Frameworks */ = {isa = PBXBuildFile; fileRef = 018FD6D1C70459A6194EEDB2 /* Pods_PokemonTests.framework */; };
/* End PBXBuildFile section */

/* Begin PBXContainerItemProxy section */
		BF4702E71E6CA409007AEE65 /* PBXContainerItemProxy */ = {
			isa = PBXContainerItemProxy;
			containerPortal = BF4702CA1E6CA409007AEE65 /* Project object */;
			proxyType = 1;
			remoteGlobalIDString = BF4702D11E6CA409007AEE65;
			remoteInfo = Pokemon;
		};
		BF4702F21E6CA409007AEE65 /* PBXContainerItemProxy */ = {
			isa = PBXContainerItemProxy;
			containerPortal = BF4702CA1E6CA409007AEE65 /* Project object */;
			proxyType = 1;
			remoteGlobalIDString = BF4702D11E6CA409007AEE65;
			remoteInfo = Pokemon;
		};
/* End PBXContainerItemProxy section */

/* Begin PBXFileReference section */
		018FD6D1C70459A6194EEDB2 /* Pods_PokemonTests.framework */ = {isa = PBXFileReference; explicitFileType = wrapper.framework; includeInIndex = 0; path = Pods_PokemonTests.framework; sourceTree = BUILT_PRODUCTS_DIR; };
		0AC2F603CE12BEAC45054175 /* Pods-PokemonTests.release.xcconfig */ = {isa = PBXFileReference; includeInIndex = 1; lastKnownFileType = text.xcconfig; name = "Pods-PokemonTests.release.xcconfig"; path = "Pods/Target Support Files/Pods-PokemonTests/Pods-PokemonTests.release.xcconfig"; sourceTree = "<group>"; };
		341A398C2D6ECC3EECE9B44E /* Pods-PokemonTests.debug.xcconfig */ = {isa = PBXFileReference; includeInIndex = 1; lastKnownFileType = text.xcconfig; name = "Pods-PokemonTests.debug.xcconfig"; path = "Pods/Target Support Files/Pods-PokemonTests/Pods-PokemonTests.debug.xcconfig"; sourceTree = "<group>"; };
		4631FBAB1F26292EE10E0740 /* Pods-PokemonUITests.debug.xcconfig */ = {isa = PBXFileReference; includeInIndex = 1; lastKnownFileType = text.xcconfig; name = "Pods-PokemonUITests.debug.xcconfig"; path = "Pods/Target Support Files/Pods-PokemonUITests/Pods-PokemonUITests.debug.xcconfig"; sourceTree = "<group>"; };
		675C8E2653D8E3E0309A3548 /* Pods-Pokemon.debug.xcconfig */ = {isa = PBXFileReference; includeInIndex = 1; lastKnownFileType = text.xcconfig; name = "Pods-Pokemon.debug.xcconfig"; path = "Pods/Target Support Files/Pods-Pokemon/Pods-Pokemon.debug.xcconfig"; sourceTree = "<group>"; };
		BF4702D21E6CA409007AEE65 /* Pokemon.app */ = {isa = PBXFileReference; explicitFileType = wrapper.application; includeInIndex = 0; path = Pokemon.app; sourceTree = BUILT_PRODUCTS_DIR; };
		BF4702D51E6CA409007AEE65 /* AppDelegate.swift */ = {isa = PBXFileReference; lastKnownFileType = sourcecode.swift; path = AppDelegate.swift; sourceTree = "<group>"; };
		BF4702D71E6CA409007AEE65 /* ViewController.swift */ = {isa = PBXFileReference; lastKnownFileType = sourcecode.swift; path = ViewController.swift; sourceTree = "<group>"; };
		BF4702DA1E6CA409007AEE65 /* Base */ = {isa = PBXFileReference; lastKnownFileType = file.storyboard; name = Base; path = Base.lproj/Main.storyboard; sourceTree = "<group>"; };
		BF4702DC1E6CA409007AEE65 /* Assets.xcassets */ = {isa = PBXFileReference; lastKnownFileType = folder.assetcatalog; path = Assets.xcassets; sourceTree = "<group>"; };
		BF4702DF1E6CA409007AEE65 /* Base */ = {isa = PBXFileReference; lastKnownFileType = file.storyboard; name = Base; path = Base.lproj/LaunchScreen.storyboard; sourceTree = "<group>"; };
		BF4702E11E6CA409007AEE65 /* Info.plist */ = {isa = PBXFileReference; lastKnownFileType = text.plist.xml; path = Info.plist; sourceTree = "<group>"; };
		BF4702E61E6CA409007AEE65 /* PokemonTests.xctest */ = {isa = PBXFileReference; explicitFileType = wrapper.cfbundle; includeInIndex = 0; path = PokemonTests.xctest; sourceTree = BUILT_PRODUCTS_DIR; };
		BF4702EA1E6CA409007AEE65 /* PokemonTests.swift */ = {isa = PBXFileReference; lastKnownFileType = sourcecode.swift; path = PokemonTests.swift; sourceTree = "<group>"; };
		BF4702EC1E6CA409007AEE65 /* Info.plist */ = {isa = PBXFileReference; lastKnownFileType = text.plist.xml; path = Info.plist; sourceTree = "<group>"; };
		BF4702F11E6CA409007AEE65 /* PokemonUITests.xctest */ = {isa = PBXFileReference; explicitFileType = wrapper.cfbundle; includeInIndex = 0; path = PokemonUITests.xctest; sourceTree = BUILT_PRODUCTS_DIR; };
		BF4702F51E6CA409007AEE65 /* PokemonUITests.swift */ = {isa = PBXFileReference; lastKnownFileType = sourcecode.swift; path = PokemonUITests.swift; sourceTree = "<group>"; };
		BF4702F71E6CA409007AEE65 /* Info.plist */ = {isa = PBXFileReference; lastKnownFileType = text.plist.xml; path = Info.plist; sourceTree = "<group>"; };
		BF4703031E6CB879007AEE65 /* pokemon.csv */ = {isa = PBXFileReference; fileEncoding = 4; lastKnownFileType = text; path = pokemon.csv; sourceTree = "<group>"; };
		BF4703061E6CBA7F007AEE65 /* Pokemon.swift */ = {isa = PBXFileReference; fileEncoding = 4; lastKnownFileType = sourcecode.swift; path = Pokemon.swift; sourceTree = "<group>"; };
		BF47220B1E71E1CC00E1A8D1 /* PokemonDetailVC.swift */ = {isa = PBXFileReference; fileEncoding = 4; lastKnownFileType = sourcecode.swift; path = PokemonDetailVC.swift; sourceTree = "<group>"; };
		BF4C0A6C1E6F3B4100D9D70B /* PokeCell.swift */ = {isa = PBXFileReference; fileEncoding = 4; lastKnownFileType = sourcecode.swift; path = PokeCell.swift; sourceTree = "<group>"; };
		BF4C0A6E1E6F737300D9D70B /* csv.swift */ = {isa = PBXFileReference; fileEncoding = 4; lastKnownFileType = sourcecode.swift; path = csv.swift; sourceTree = "<group>"; };
		BF4E40371E786063007EC358 /* Constants.swift */ = {isa = PBXFileReference; fileEncoding = 4; lastKnownFileType = sourcecode.swift; path = Constants.swift; sourceTree = "<group>"; };
		BF5E3E0D1E70B05400A733B0 /* Pokemon.ttf */ = {isa = PBXFileReference; lastKnownFileType = file; path = Pokemon.ttf; sourceTree = "<group>"; };
		BF5E3E121E70B48200A733B0 /* pokemon.mp3 */ = {isa = PBXFileReference; lastKnownFileType = audio.mp3; path = pokemon.mp3; sourceTree = "<group>"; };
		CEE2D4783E5AA4E0C58744F1 /* Pods-PokemonUITests.release.xcconfig */ = {isa = PBXFileReference; includeInIndex = 1; lastKnownFileType = text.xcconfig; name = "Pods-PokemonUITests.release.xcconfig"; path = "Pods/Target Support Files/Pods-PokemonUITests/Pods-PokemonUITests.release.xcconfig"; sourceTree = "<group>"; };
		D62AD6D0BE167CE80271E054 /* Pods_PokemonUITests.framework */ = {isa = PBXFileReference; explicitFileType = wrapper.framework; includeInIndex = 0; path = Pods_PokemonUITests.framework; sourceTree = BUILT_PRODUCTS_DIR; };
		D86BB511D1D145F5E5F37853 /* Pods_Pokemon.framework */ = {isa = PBXFileReference; explicitFileType = wrapper.framework; includeInIndex = 0; path = Pods_Pokemon.framework; sourceTree = BUILT_PRODUCTS_DIR; };
		F128C791252A899465B2F5CD /* Pods-Pokemon.release.xcconfig */ = {isa = PBXFileReference; includeInIndex = 1; lastKnownFileType = text.xcconfig; name = "Pods-Pokemon.release.xcconfig"; path = "Pods/Target Support Files/Pods-Pokemon/Pods-Pokemon.release.xcconfig"; sourceTree = "<group>"; };
/* End PBXFileReference section */

/* Begin PBXFrameworksBuildPhase section */
		BF4702CF1E6CA409007AEE65 /* Frameworks */ = {
			isa = PBXFrameworksBuildPhase;
			buildActionMask = 2147483647;
			files = (
				24582F15C0EDB7AF30D700C6 /* Pods_Pokemon.framework in Frameworks */,
			);
			runOnlyForDeploymentPostprocessing = 0;
		};
		BF4702E31E6CA409007AEE65 /* Frameworks */ = {
			isa = PBXFrameworksBuildPhase;
			buildActionMask = 2147483647;
			files = (
				FE51B5AFB77F2C69A79821D4 /* Pods_PokemonTests.framework in Frameworks */,
			);
			runOnlyForDeploymentPostprocessing = 0;
		};
		BF4702EE1E6CA409007AEE65 /* Frameworks */ = {
			isa = PBXFrameworksBuildPhase;
			buildActionMask = 2147483647;
			files = (
				BC8FDD156381FFFF167C81CF /* Pods_PokemonUITests.framework in Frameworks */,
			);
			runOnlyForDeploymentPostprocessing = 0;
		};
/* End PBXFrameworksBuildPhase section */

/* Begin PBXGroup section */
		7DF2023EB35FF81EE5E327DB /* Frameworks */ = {
			isa = PBXGroup;
			children = (
				D86BB511D1D145F5E5F37853 /* Pods_Pokemon.framework */,
				018FD6D1C70459A6194EEDB2 /* Pods_PokemonTests.framework */,
				D62AD6D0BE167CE80271E054 /* Pods_PokemonUITests.framework */,
			);
			name = Frameworks;
			sourceTree = "<group>";
		};
		B37E90AFEA586DED703A9071 /* Pods */ = {
			isa = PBXGroup;
			children = (
				675C8E2653D8E3E0309A3548 /* Pods-Pokemon.debug.xcconfig */,
				F128C791252A899465B2F5CD /* Pods-Pokemon.release.xcconfig */,
				341A398C2D6ECC3EECE9B44E /* Pods-PokemonTests.debug.xcconfig */,
				0AC2F603CE12BEAC45054175 /* Pods-PokemonTests.release.xcconfig */,
				4631FBAB1F26292EE10E0740 /* Pods-PokemonUITests.debug.xcconfig */,
				CEE2D4783E5AA4E0C58744F1 /* Pods-PokemonUITests.release.xcconfig */,
			);
			name = Pods;
			sourceTree = "<group>";
		};
		BF4702C91E6CA408007AEE65 = {
			isa = PBXGroup;
			children = (
				BF4702D41E6CA409007AEE65 /* Pokemon */,
				BF4702E91E6CA409007AEE65 /* PokemonTests */,
				BF4702F41E6CA409007AEE65 /* PokemonUITests */,
				BF4702D31E6CA409007AEE65 /* Products */,
				B37E90AFEA586DED703A9071 /* Pods */,
				7DF2023EB35FF81EE5E327DB /* Frameworks */,
			);
			sourceTree = "<group>";
		};
		BF4702D31E6CA409007AEE65 /* Products */ = {
			isa = PBXGroup;
			children = (
				BF4702D21E6CA409007AEE65 /* Pokemon.app */,
				BF4702E61E6CA409007AEE65 /* PokemonTests.xctest */,
				BF4702F11E6CA409007AEE65 /* PokemonUITests.xctest */,
			);
			name = Products;
			sourceTree = "<group>";
		};
		BF4702D41E6CA409007AEE65 /* Pokemon */ = {
			isa = PBXGroup;
			children = (
				BF4703051E6CBA4C007AEE65 /* Model */,
				BF4C0A6B1E6F3B0700D9D70B /* View */,
				BF5E3E101E70B09600A733B0 /* Controller */,
				BF5E3E0F1E70B07200A733B0 /* Resursi */,
				BF5E3E111E70B0AB00A733B0 /* Util */,
				BF4702D51E6CA409007AEE65 /* AppDelegate.swift */,
				BF4702D91E6CA409007AEE65 /* Main.storyboard */,
				BF4702DC1E6CA409007AEE65 /* Assets.xcassets */,
				BF4702DE1E6CA409007AEE65 /* LaunchScreen.storyboard */,
				BF4702E11E6CA409007AEE65 /* Info.plist */,
			);
			path = Pokemon;
			sourceTree = "<group>";
		};
		BF4702E91E6CA409007AEE65 /* PokemonTests */ = {
			isa = PBXGroup;
			children = (
				BF4702EA1E6CA409007AEE65 /* PokemonTests.swift */,
				BF4702EC1E6CA409007AEE65 /* Info.plist */,
			);
			path = PokemonTests;
			sourceTree = "<group>";
		};
		BF4702F41E6CA409007AEE65 /* PokemonUITests */ = {
			isa = PBXGroup;
			children = (
				BF4702F51E6CA409007AEE65 /* PokemonUITests.swift */,
				BF4702F71E6CA409007AEE65 /* Info.plist */,
			);
			path = PokemonUITests;
			sourceTree = "<group>";
		};
		BF4703051E6CBA4C007AEE65 /* Model */ = {
			isa = PBXGroup;
			children = (
				BF4703061E6CBA7F007AEE65 /* Pokemon.swift */,
			);
			name = Model;
			sourceTree = "<group>";
		};
		BF4C0A6B1E6F3B0700D9D70B /* View */ = {
			isa = PBXGroup;
			children = (
				BF4C0A6C1E6F3B4100D9D70B /* PokeCell.swift */,
			);
			name = View;
			sourceTree = "<group>";
		};
		BF5E3E0F1E70B07200A733B0 /* Resursi */ = {
			isa = PBXGroup;
			children = (
				BF4703031E6CB879007AEE65 /* pokemon.csv */,
				BF5E3E0D1E70B05400A733B0 /* Pokemon.ttf */,
				BF5E3E121E70B48200A733B0 /* pokemon.mp3 */,
			);
			name = Resursi;
			sourceTree = "<group>";
		};
		BF5E3E101E70B09600A733B0 /* Controller */ = {
			isa = PBXGroup;
			children = (
				BF4702D71E6CA409007AEE65 /* ViewController.swift */,
				BF47220B1E71E1CC00E1A8D1 /* PokemonDetailVC.swift */,
			);
			name = Controller;
			sourceTree = "<group>";
		};
		BF5E3E111E70B0AB00A733B0 /* Util */ = {
			isa = PBXGroup;
			children = (
				BF4C0A6E1E6F737300D9D70B /* csv.swift */,
				BF4E40371E786063007EC358 /* Constants.swift */,
			);
			name = Util;
			sourceTree = "<group>";
		};
/* End PBXGroup section */

/* Begin PBXNativeTarget section */
		BF4702D11E6CA409007AEE65 /* Pokemon */ = {
			isa = PBXNativeTarget;
			buildConfigurationList = BF4702FA1E6CA409007AEE65 /* Build configuration list for PBXNativeTarget "Pokemon" */;
			buildPhases = (
				F91342FFAE736547686ADAF1 /* [CP] Check Pods Manifest.lock */,
				BF4702CE1E6CA409007AEE65 /* Sources */,
				BF4702CF1E6CA409007AEE65 /* Frameworks */,
				BF4702D01E6CA409007AEE65 /* Resources */,
				C8407C9F282B870BCA5977F4 /* [CP] Embed Pods Frameworks */,
				0480D24D67C402BAD3D6E10F /* [CP] Copy Pods Resources */,
			);
			buildRules = (
			);
			dependencies = (
			);
			name = Pokemon;
			productName = Pokemon;
			productReference = BF4702D21E6CA409007AEE65 /* Pokemon.app */;
			productType = "com.apple.product-type.application";
		};
		BF4702E51E6CA409007AEE65 /* PokemonTests */ = {
			isa = PBXNativeTarget;
			buildConfigurationList = BF4702FD1E6CA409007AEE65 /* Build configuration list for PBXNativeTarget "PokemonTests" */;
			buildPhases = (
				3A5090ED4DC328F359762189 /* [CP] Check Pods Manifest.lock */,
				BF4702E21E6CA409007AEE65 /* Sources */,
				BF4702E31E6CA409007AEE65 /* Frameworks */,
				BF4702E41E6CA409007AEE65 /* Resources */,
				00AB0562F7F6A010B8016D62 /* [CP] Embed Pods Frameworks */,
				FA43FEDC176E12B7455883CE /* [CP] Copy Pods Resources */,
			);
			buildRules = (
			);
			dependencies = (
				BF4702E81E6CA409007AEE65 /* PBXTargetDependency */,
			);
			name = PokemonTests;
			productName = PokemonTests;
			productReference = BF4702E61E6CA409007AEE65 /* PokemonTests.xctest */;
			productType = "com.apple.product-type.bundle.unit-test";
		};
		BF4702F01E6CA409007AEE65 /* PokemonUITests */ = {
			isa = PBXNativeTarget;
			buildConfigurationList = BF4703001E6CA409007AEE65 /* Build configuration list for PBXNativeTarget "PokemonUITests" */;
			buildPhases = (
				008DC960720FB4EF0B75687E /* [CP] Check Pods Manifest.lock */,
				BF4702ED1E6CA409007AEE65 /* Sources */,
				BF4702EE1E6CA409007AEE65 /* Frameworks */,
				BF4702EF1E6CA409007AEE65 /* Resources */,
				9A6B6036D59C00AED8C16D8F /* [CP] Embed Pods Frameworks */,
				CFCF9C0BBA9B0A85E717AECE /* [CP] Copy Pods Resources */,
			);
			buildRules = (
			);
			dependencies = (
				BF4702F31E6CA409007AEE65 /* PBXTargetDependency */,
			);
			name = PokemonUITests;
			productName = PokemonUITests;
			productReference = BF4702F11E6CA409007AEE65 /* PokemonUITests.xctest */;
			productType = "com.apple.product-type.bundle.ui-testing";
		};
/* End PBXNativeTarget section */

/* Begin PBXProject section */
		BF4702CA1E6CA409007AEE65 /* Project object */ = {
			isa = PBXProject;
			attributes = {
				LastSwiftUpdateCheck = 0820;
				LastUpgradeCheck = 0820;
				ORGANIZATIONNAME = Vuk;
				TargetAttributes = {
					BF4702D11E6CA409007AEE65 = {
						CreatedOnToolsVersion = 8.2.1;
						ProvisioningStyle = Automatic;
					};
					BF4702E51E6CA409007AEE65 = {
						CreatedOnToolsVersion = 8.2.1;
						ProvisioningStyle = Automatic;
						TestTargetID = BF4702D11E6CA409007AEE65;
					};
					BF4702F01E6CA409007AEE65 = {
						CreatedOnToolsVersion = 8.2.1;
						ProvisioningStyle = Automatic;
						TestTargetID = BF4702D11E6CA409007AEE65;
					};
				};
			};
			buildConfigurationList = BF4702CD1E6CA409007AEE65 /* Build configuration list for PBXProject "Pokemon" */;
			compatibilityVersion = "Xcode 3.2";
			developmentRegion = English;
			hasScannedForEncodings = 0;
			knownRegions = (
				en,
				Base,
			);
			mainGroup = BF4702C91E6CA408007AEE65;
			productRefGroup = BF4702D31E6CA409007AEE65 /* Products */;
			projectDirPath = "";
			projectRoot = "";
			targets = (
				BF4702D11E6CA409007AEE65 /* Pokemon */,
				BF4702E51E6CA409007AEE65 /* PokemonTests */,
				BF4702F01E6CA409007AEE65 /* PokemonUITests */,
			);
		};
/* End PBXProject section */

/* Begin PBXResourcesBuildPhase section */
		BF4702D01E6CA409007AEE65 /* Resources */ = {
			isa = PBXResourcesBuildPhase;
			buildActionMask = 2147483647;
			files = (
				BF5E3E0E1E70B05400A733B0 /* Pokemon.ttf in Resources */,
				BF4702E01E6CA409007AEE65 /* LaunchScreen.storyboard in Resources */,
				BF4702DD1E6CA409007AEE65 /* Assets.xcassets in Resources */,
				BF4703041E6CB879007AEE65 /* pokemon.csv in Resources */,
				BF5E3E131E70B48200A733B0 /* pokemon.mp3 in Resources */,
				BF4702DB1E6CA409007AEE65 /* Main.storyboard in Resources */,
			);
			runOnlyForDeploymentPostprocessing = 0;
		};
		BF4702E41E6CA409007AEE65 /* Resources */ = {
			isa = PBXResourcesBuildPhase;
			buildActionMask = 2147483647;
			files = (
			);
			runOnlyForDeploymentPostprocessing = 0;
		};
		BF4702EF1E6CA409007AEE65 /* Resources */ = {
			isa = PBXResourcesBuildPhase;
			buildActionMask = 2147483647;
			files = (
			);
			runOnlyForDeploymentPostprocessing = 0;
		};
/* End PBXResourcesBuildPhase section */

/* Begin PBXShellScriptBuildPhase section */
		008DC960720FB4EF0B75687E /* [CP] Check Pods Manifest.lock */ = {
			isa = PBXShellScriptBuildPhase;
			buildActionMask = 2147483647;
			files = (
			);
			inputPaths = (
			);
			name = "[CP] Check Pods Manifest.lock";
			outputPaths = (
			);
			runOnlyForDeploymentPostprocessing = 0;
			shellPath = /bin/sh;
			shellScript = "diff \"${PODS_ROOT}/../Podfile.lock\" \"${PODS_ROOT}/Manifest.lock\" > /dev/null\nif [ $? != 0 ] ; then\n    # print error to STDERR\n    echo \"error: The sandbox is not in sync with the Podfile.lock. Run 'pod install' or update your CocoaPods installation.\" >&2\n    exit 1\nfi\n";
			showEnvVarsInLog = 0;
		};
		00AB0562F7F6A010B8016D62 /* [CP] Embed Pods Frameworks */ = {
			isa = PBXShellScriptBuildPhase;
			buildActionMask = 2147483647;
			files = (
			);
			inputPaths = (
			);
			name = "[CP] Embed Pods Frameworks";
			outputPaths = (
			);
			runOnlyForDeploymentPostprocessing = 0;
			shellPath = /bin/sh;
			shellScript = "\"${SRCROOT}/Pods/Target Support Files/Pods-PokemonTests/Pods-PokemonTests-frameworks.sh\"\n";
			showEnvVarsInLog = 0;
		};
		0480D24D67C402BAD3D6E10F /* [CP] Copy Pods Resources */ = {
			isa = PBXShellScriptBuildPhase;
			buildActionMask = 2147483647;
			files = (
			);
			inputPaths = (
			);
			name = "[CP] Copy Pods Resources";
			outputPaths = (
			);
			runOnlyForDeploymentPostprocessing = 0;
			shellPath = /bin/sh;
			shellScript = "\"${SRCROOT}/Pods/Target Support Files/Pods-Pokemon/Pods-Pokemon-resources.sh\"\n";
			showEnvVarsInLog = 0;
		};
		3A5090ED4DC328F359762189 /* [CP] Check Pods Manifest.lock */ = {
			isa = PBXShellScriptBuildPhase;
			buildActionMask = 2147483647;
			files = (
			);
			inputPaths = (
			);
			name = "[CP] Check Pods Manifest.lock";
			outputPaths = (
			);
			runOnlyForDeploymentPostprocessing = 0;
			shellPath = /bin/sh;
			shellScript = "diff \"${PODS_ROOT}/../Podfile.lock\" \"${PODS_ROOT}/Manifest.lock\" > /dev/null\nif [ $? != 0 ] ; then\n    # print error to STDERR\n    echo \"error: The sandbox is not in sync with the Podfile.lock. Run 'pod install' or update your CocoaPods installation.\" >&2\n    exit 1\nfi\n";
			showEnvVarsInLog = 0;
		};
		9A6B6036D59C00AED8C16D8F /* [CP] Embed Pods Frameworks */ = {
			isa = PBXShellScriptBuildPhase;
			buildActionMask = 2147483647;
			files = (
			);
			inputPaths = (
			);
			name = "[CP] Embed Pods Frameworks";
			outputPaths = (
			);
			runOnlyForDeploymentPostprocessing = 0;
			shellPath = /bin/sh;
			shellScript = "\"${SRCROOT}/Pods/Target Support Files/Pods-PokemonUITests/Pods-PokemonUITests-frameworks.sh\"\n";
			showEnvVarsInLog = 0;
		};
		C8407C9F282B870BCA5977F4 /* [CP] Embed Pods Frameworks */ = {
			isa = PBXShellScriptBuildPhase;
			buildActionMask = 2147483647;
			files = (
			);
			inputPaths = (
			);
			name = "[CP] Embed Pods Frameworks";
			outputPaths = (
			);
			runOnlyForDeploymentPostprocessing = 0;
			shellPath = /bin/sh;
			shellScript = "\"${SRCROOT}/Pods/Target Support Files/Pods-Pokemon/Pods-Pokemon-frameworks.sh\"\n";
			showEnvVarsInLog = 0;
		};
		CFCF9C0BBA9B0A85E717AECE /* [CP] Copy Pods Resources */ = {
			isa = PBXShellScriptBuildPhase;
			buildActionMask = 2147483647;
			files = (
			);
			inputPaths = (
			);
			name = "[CP] Copy Pods Resources";
			outputPaths = (
			);
			runOnlyForDeploymentPostprocessing = 0;
			shellPath = /bin/sh;
			shellScript = "\"${SRCROOT}/Pods/Target Support Files/Pods-PokemonUITests/Pods-PokemonUITests-resources.sh\"\n";
			showEnvVarsInLog = 0;
		};
		F91342FFAE736547686ADAF1 /* [CP] Check Pods Manifest.lock */ = {
			isa = PBXShellScriptBuildPhase;
			buildActionMask = 2147483647;
			files = (
			);
			inputPaths = (
			);
			name = "[CP] Check Pods Manifest.lock";
			outputPaths = (
			);
			runOnlyForDeploymentPostprocessing = 0;
			shellPath = /bin/sh;
			shellScript = "diff \"${PODS_ROOT}/../Podfile.lock\" \"${PODS_ROOT}/Manifest.lock\" > /dev/null\nif [ $? != 0 ] ; then\n    # print error to STDERR\n    echo \"error: The sandbox is not in sync with the Podfile.lock. Run 'pod install' or update your CocoaPods installation.\" >&2\n    exit 1\nfi\n";
			showEnvVarsInLog = 0;
		};
		FA43FEDC176E12B7455883CE /* [CP] Copy Pods Resources */ = {
			isa = PBXShellScriptBuildPhase;
			buildActionMask = 2147483647;
			files = (
			);
			inputPaths = (
			);
			name = "[CP] Copy Pods Resources";
			outputPaths = (
			);
			runOnlyForDeploymentPostprocessing = 0;
			shellPath = /bin/sh;
			shellScript = "\"${SRCROOT}/Pods/Target Support Files/Pods-PokemonTests/Pods-PokemonTests-resources.sh\"\n";
			showEnvVarsInLog = 0;
		};
/* End PBXShellScriptBuildPhase section */

/* Begin PBXSourcesBuildPhase section */
		BF4702CE1E6CA409007AEE65 /* Sources */ = {
			isa = PBXSourcesBuildPhase;
			buildActionMask = 2147483647;
			files = (
				BF4C0A6D1E6F3B4100D9D70B /* PokeCell.swift in Sources */,
				BF4702D81E6CA409007AEE65 /* ViewController.swift in Sources */,
				BF47220C1E71E1CC00E1A8D1 /* PokemonDetailVC.swift in Sources */,
				BF4702D61E6CA409007AEE65 /* AppDelegate.swift in Sources */,
				BF4E40381E786063007EC358 /* Constants.swift in Sources */,
				BF4703071E6CBA7F007AEE65 /* Pokemon.swift in Sources */,
				BF4C0A6F1E6F737300D9D70B /* csv.swift in Sources */,
			);
			runOnlyForDeploymentPostprocessing = 0;
		};
		BF4702E21E6CA409007AEE65 /* Sources */ = {
			isa = PBXSourcesBuildPhase;
			buildActionMask = 2147483647;
			files = (
				BF4702EB1E6CA409007AEE65 /* PokemonTests.swift in Sources */,
			);
			runOnlyForDeploymentPostprocessing = 0;
		};
		BF4702ED1E6CA409007AEE65 /* Sources */ = {
			isa = PBXSourcesBuildPhase;
			buildActionMask = 2147483647;
			files = (
				BF4702F61E6CA409007AEE65 /* PokemonUITests.swift in Sources */,
			);
			runOnlyForDeploymentPostprocessing = 0;
		};
/* End PBXSourcesBuildPhase section */

/* Begin PBXTargetDependency section */
		BF4702E81E6CA409007AEE65 /* PBXTargetDependency */ = {
			isa = PBXTargetDependency;
			target = BF4702D11E6CA409007AEE65 /* Pokemon */;
			targetProxy = BF4702E71E6CA409007AEE65 /* PBXContainerItemProxy */;
		};
		BF4702F31E6CA409007AEE65 /* PBXTargetDependency */ = {
			isa = PBXTargetDependency;
			target = BF4702D11E6CA409007AEE65 /* Pokemon */;
			targetProxy = BF4702F21E6CA409007AEE65 /* PBXContainerItemProxy */;
		};
/* End PBXTargetDependency section */

/* Begin PBXVariantGroup section */
		BF4702D91E6CA409007AEE65 /* Main.storyboard */ = {
			isa = PBXVariantGroup;
			children = (
				BF4702DA1E6CA409007AEE65 /* Base */,
			);
			name = Main.storyboard;
			sourceTree = "<group>";
		};
		BF4702DE1E6CA409007AEE65 /* LaunchScreen.storyboard */ = {
			isa = PBXVariantGroup;
			children = (
				BF4702DF1E6CA409007AEE65 /* Base */,
			);
			name = LaunchScreen.storyboard;
			sourceTree = "<group>";
		};
/* End PBXVariantGroup section */

/* Begin XCBuildConfiguration section */
		BF4702F81E6CA409007AEE65 /* Debug */ = {
			isa = XCBuildConfiguration;
			buildSettings = {
				ALWAYS_SEARCH_USER_PATHS = NO;
				CLANG_ANALYZER_NONNULL = YES;
				CLANG_CXX_LANGUAGE_STANDARD = "gnu++0x";
				CLANG_CXX_LIBRARY = "libc++";
				CLANG_ENABLE_MODULES = YES;
				CLANG_ENABLE_OBJC_ARC = YES;
				CLANG_WARN_BOOL_CONVERSION = YES;
				CLANG_WARN_CONSTANT_CONVERSION = YES;
				CLANG_WARN_DIRECT_OBJC_ISA_USAGE = YES_ERROR;
				CLANG_WARN_DOCUMENTATION_COMMENTS = YES;
				CLANG_WARN_EMPTY_BODY = YES;
				CLANG_WARN_ENUM_CONVERSION = YES;
				CLANG_WARN_INFINITE_RECURSION = YES;
				CLANG_WARN_INT_CONVERSION = YES;
				CLANG_WARN_OBJC_ROOT_CLASS = YES_ERROR;
				CLANG_WARN_SUSPICIOUS_MOVE = YES;
				CLANG_WARN_UNREACHABLE_CODE = YES;
				CLANG_WARN__DUPLICATE_METHOD_MATCH = YES;
				"CODE_SIGN_IDENTITY[sdk=iphoneos*]" = "iPhone Developer";
				COPY_PHASE_STRIP = NO;
				DEBUG_INFORMATION_FORMAT = dwarf;
				ENABLE_STRICT_OBJC_MSGSEND = YES;
				ENABLE_TESTABILITY = YES;
				GCC_C_LANGUAGE_STANDARD = gnu99;
				GCC_DYNAMIC_NO_PIC = NO;
				GCC_NO_COMMON_BLOCKS = YES;
				GCC_OPTIMIZATION_LEVEL = 0;
				GCC_PREPROCESSOR_DEFINITIONS = (
					"DEBUG=1",
					"$(inherited)",
				);
				GCC_WARN_64_TO_32_BIT_CONVERSION = YES;
				GCC_WARN_ABOUT_RETURN_TYPE = YES_ERROR;
				GCC_WARN_UNDECLARED_SELECTOR = YES;
				GCC_WARN_UNINITIALIZED_AUTOS = YES_AGGRESSIVE;
				GCC_WARN_UNUSED_FUNCTION = YES;
				GCC_WARN_UNUSED_VARIABLE = YES;
				IPHONEOS_DEPLOYMENT_TARGET = 10.2;
				MTL_ENABLE_DEBUG_INFO = YES;
				ONLY_ACTIVE_ARCH = YES;
				SDKROOT = iphoneos;
				SWIFT_ACTIVE_COMPILATION_CONDITIONS = DEBUG;
				SWIFT_OPTIMIZATION_LEVEL = "-Onone";
				TARGETED_DEVICE_FAMILY = "1,2";
			};
			name = Debug;
		};
		BF4702F91E6CA409007AEE65 /* Release */ = {
			isa = XCBuildConfiguration;
			buildSettings = {
				ALWAYS_SEARCH_USER_PATHS = NO;
				CLANG_ANALYZER_NONNULL = YES;
				CLANG_CXX_LANGUAGE_STANDARD = "gnu++0x";
				CLANG_CXX_LIBRARY = "libc++";
				CLANG_ENABLE_MODULES = YES;
				CLANG_ENABLE_OBJC_ARC = YES;
				CLANG_WARN_BOOL_CONVERSION = YES;
				CLANG_WARN_CONSTANT_CONVERSION = YES;
				CLANG_WARN_DIRECT_OBJC_ISA_USAGE = YES_ERROR;
				CLANG_WARN_DOCUMENTATION_COMMENTS = YES;
				CLANG_WARN_EMPTY_BODY = YES;
				CLANG_WARN_ENUM_CONVERSION = YES;
				CLANG_WARN_INFINITE_RECURSION = YES;
				CLANG_WARN_INT_CONVERSION = YES;
				CLANG_WARN_OBJC_ROOT_CLASS = YES_ERROR;
				CLANG_WARN_SUSPICIOUS_MOVE = YES;
				CLANG_WARN_UNREACHABLE_CODE = YES;
				CLANG_WARN__DUPLICATE_METHOD_MATCH = YES;
				"CODE_SIGN_IDENTITY[sdk=iphoneos*]" = "iPhone Developer";
				COPY_PHASE_STRIP = NO;
				DEBUG_INFORMATION_FORMAT = "dwarf-with-dsym";
				ENABLE_NS_ASSERTIONS = NO;
				ENABLE_STRICT_OBJC_MSGSEND = YES;
				GCC_C_LANGUAGE_STANDARD = gnu99;
				GCC_NO_COMMON_BLOCKS = YES;
				GCC_WARN_64_TO_32_BIT_CONVERSION = YES;
				GCC_WARN_ABOUT_RETURN_TYPE = YES_ERROR;
				GCC_WARN_UNDECLARED_SELECTOR = YES;
				GCC_WARN_UNINITIALIZED_AUTOS = YES_AGGRESSIVE;
				GCC_WARN_UNUSED_FUNCTION = YES;
				GCC_WARN_UNUSED_VARIABLE = YES;
				IPHONEOS_DEPLOYMENT_TARGET = 10.2;
				MTL_ENABLE_DEBUG_INFO = NO;
				SDKROOT = iphoneos;
				SWIFT_OPTIMIZATION_LEVEL = "-Owholemodule";
				TARGETED_DEVICE_FAMILY = "1,2";
				VALIDATE_PRODUCT = YES;
			};
			name = Release;
		};
		BF4702FB1E6CA409007AEE65 /* Debug */ = {
			isa = XCBuildConfiguration;
			baseConfigurationReference = 675C8E2653D8E3E0309A3548 /* Pods-Pokemon.debug.xcconfig */;
			buildSettings = {
				ASSETCATALOG_COMPILER_APPICON_NAME = AppIcon;
				INFOPLIST_FILE = Pokemon/Info.plist;
				LD_RUNPATH_SEARCH_PATHS = "$(inherited) @executable_path/Frameworks";
				PRODUCT_BUNDLE_IDENTIFIER = vuk.com.Pokemon;
				PRODUCT_NAME = "$(TARGET_NAME)";
				SWIFT_VERSION = 3.0;
			};
			name = Debug;
		};
		BF4702FC1E6CA409007AEE65 /* Release */ = {
			isa = XCBuildConfiguration;
			baseConfigurationReference = F128C791252A899465B2F5CD /* Pods-Pokemon.release.xcconfig */;
			buildSettings = {
				ASSETCATALOG_COMPILER_APPICON_NAME = AppIcon;
				INFOPLIST_FILE = Pokemon/Info.plist;
				LD_RUNPATH_SEARCH_PATHS = "$(inherited) @executable_path/Frameworks";
				PRODUCT_BUNDLE_IDENTIFIER = vuk.com.Pokemon;
				PRODUCT_NAME = "$(TARGET_NAME)";
				SWIFT_VERSION = 3.0;
			};
			name = Release;
		};
		BF4702FE1E6CA409007AEE65 /* Debug */ = {
			isa = XCBuildConfiguration;
			baseConfigurationReference = 341A398C2D6ECC3EECE9B44E /* Pods-PokemonTests.debug.xcconfig */;
			buildSettings = {
				ALWAYS_EMBED_SWIFT_STANDARD_LIBRARIES = YES;
				BUNDLE_LOADER = "$(TEST_HOST)";
				INFOPLIST_FILE = PokemonTests/Info.plist;
				LD_RUNPATH_SEARCH_PATHS = "$(inherited) @executable_path/Frameworks @loader_path/Frameworks";
				PRODUCT_BUNDLE_IDENTIFIER = vuk.com.PokemonTests;
				PRODUCT_NAME = "$(TARGET_NAME)";
				SWIFT_VERSION = 3.0;
				TEST_HOST = "$(BUILT_PRODUCTS_DIR)/Pokemon.app/Pokemon";
			};
			name = Debug;
		};
		BF4702FF1E6CA409007AEE65 /* Release */ = {
			isa = XCBuildConfiguration;
			baseConfigurationReference = 0AC2F603CE12BEAC45054175 /* Pods-PokemonTests.release.xcconfig */;
			buildSettings = {
				ALWAYS_EMBED_SWIFT_STANDARD_LIBRARIES = YES;
				BUNDLE_LOADER = "$(TEST_HOST)";
				INFOPLIST_FILE = PokemonTests/Info.plist;
				LD_RUNPATH_SEARCH_PATHS = "$(inherited) @executable_path/Frameworks @loader_path/Frameworks";
				PRODUCT_BUNDLE_IDENTIFIER = vuk.com.PokemonTests;
				PRODUCT_NAME = "$(TARGET_NAME)";
				SWIFT_VERSION = 3.0;
				TEST_HOST = "$(BUILT_PRODUCTS_DIR)/Pokemon.app/Pokemon";
			};
			name = Release;
		};
		BF4703011E6CA409007AEE65 /* Debug */ = {
			isa = XCBuildConfiguration;
			baseConfigurationReference = 4631FBAB1F26292EE10E0740 /* Pods-PokemonUITests.debug.xcconfig */;
			buildSettings = {
				ALWAYS_EMBED_SWIFT_STANDARD_LIBRARIES = YES;
				INFOPLIST_FILE = PokemonUITests/Info.plist;
				LD_RUNPATH_SEARCH_PATHS = "$(inherited) @executable_path/Frameworks @loader_path/Frameworks";
				PRODUCT_BUNDLE_IDENTIFIER = vuk.com.PokemonUITests;
				PRODUCT_NAME = "$(TARGET_NAME)";
				SWIFT_VERSION = 3.0;
				TEST_TARGET_NAME = Pokemon;
			};
			name = Debug;
		};
		BF4703021E6CA409007AEE65 /* Release */ = {
			isa = XCBuildConfiguration;
			baseConfigurationReference = CEE2D4783E5AA4E0C58744F1 /* Pods-PokemonUITests.release.xcconfig */;
			buildSettings = {
				ALWAYS_EMBED_SWIFT_STANDARD_LIBRARIES = YES;
				INFOPLIST_FILE = PokemonUITests/Info.plist;
				LD_RUNPATH_SEARCH_PATHS = "$(inherited) @executable_path/Frameworks @loader_path/Frameworks";
				PRODUCT_BUNDLE_IDENTIFIER = vuk.com.PokemonUITests;
				PRODUCT_NAME = "$(TARGET_NAME)";
				SWIFT_VERSION = 3.0;
				TEST_TARGET_NAME = Pokemon;
			};
			name = Release;
		};
/* End XCBuildConfiguration section */

/* Begin XCConfigurationList section */
		BF4702CD1E6CA409007AEE65 /* Build configuration list for PBXProject "Pokemon" */ = {
			isa = XCConfigurationList;
			buildConfigurations = (
				BF4702F81E6CA409007AEE65 /* Debug */,
				BF4702F91E6CA409007AEE65 /* Release */,
			);
			defaultConfigurationIsVisible = 0;
			defaultConfigurationName = Release;
		};
		BF4702FA1E6CA409007AEE65 /* Build configuration list for PBXNativeTarget "Pokemon" */ = {
			isa = XCConfigurationList;
			buildConfigurations = (
				BF4702FB1E6CA409007AEE65 /* Debug */,
				BF4702FC1E6CA409007AEE65 /* Release */,
			);
			defaultConfigurationIsVisible = 0;
			defaultConfigurationName = Release;
		};
		BF4702FD1E6CA409007AEE65 /* Build configuration list for PBXNativeTarget "PokemonTests" */ = {
			isa = XCConfigurationList;
			buildConfigurations = (
				BF4702FE1E6CA409007AEE65 /* Debug */,
				BF4702FF1E6CA409007AEE65 /* Release */,
			);
			defaultConfigurationIsVisible = 0;
			defaultConfigurationName = Release;
		};
		BF4703001E6CA409007AEE65 /* Build configuration list for PBXNativeTarget "PokemonUITests" */ = {
			isa = XCConfigurationList;
			buildConfigurations = (
				BF4703011E6CA409007AEE65 /* Debug */,
				BF4703021E6CA409007AEE65 /* Release */,
			);
			defaultConfigurationIsVisible = 0;
			defaultConfigurationName = Release;
		};
/* End XCConfigurationList section */
	};
	rootObject = BF4702CA1E6CA409007AEE65 /* Project object */;
}
